// !$*UTF8*$!
{
	archiveVersion = 1;
	classes = {
	};
	objectVersion = 50;
	objects = {

/* Begin PBXBuildFile section */
		3B24424A4F0612C2F631B3EB /* Pods_mymap.framework in Frameworks */ = {isa = PBXBuildFile; fileRef = 84642C5A9DAE358765B33570 /* Pods_mymap.framework */; };
		7D228B4D251DA87700C78024 /* AppDelegate.swift in Sources */ = {isa = PBXBuildFile; fileRef = 7D228B4C251DA87700C78024 /* AppDelegate.swift */; };
		7D228B4F251DA87700C78024 /* SceneDelegate.swift in Sources */ = {isa = PBXBuildFile; fileRef = 7D228B4E251DA87700C78024 /* SceneDelegate.swift */; };
		7D228B51251DA87700C78024 /* ViewController.swift in Sources */ = {isa = PBXBuildFile; fileRef = 7D228B50251DA87700C78024 /* ViewController.swift */; };
		7D228B54251DA87700C78024 /* Main.storyboard in Resources */ = {isa = PBXBuildFile; fileRef = 7D228B52251DA87700C78024 /* Main.storyboard */; };
		7D228B56251DA87C00C78024 /* Assets.xcassets in Resources */ = {isa = PBXBuildFile; fileRef = 7D228B55251DA87C00C78024 /* Assets.xcassets */; };
		7D228B59251DA87C00C78024 /* LaunchScreen.storyboard in Resources */ = {isa = PBXBuildFile; fileRef = 7D228B57251DA87C00C78024 /* LaunchScreen.storyboard */; };
		7D9DC510251E04B400B6AA4C /* hoge_ozakueki.gpx in Resources */ = {isa = PBXBuildFile; fileRef = 7D9DC50F251E04B400B6AA4C /* hoge_ozakueki.gpx */; };
		7D9DC513251E0E3A00B6AA4C /* shopCell.swift in Sources */ = {isa = PBXBuildFile; fileRef = 7D9DC511251E0E3A00B6AA4C /* shopCell.swift */; };
		7D9DC514251E0E3A00B6AA4C /* shopCell.xib in Resources */ = {isa = PBXBuildFile; fileRef = 7D9DC512251E0E3A00B6AA4C /* shopCell.xib */; };
		7DFBA735251DAADD00439BE5 /* MapKit.framework in Frameworks */ = {isa = PBXBuildFile; fileRef = 7DFBA734251DAADD00439BE5 /* MapKit.framework */; };
/* End PBXBuildFile section */

/* Begin PBXFileReference section */
		6D170926933B24E864FF92C5 /* Pods-mymap.debug.xcconfig */ = {isa = PBXFileReference; includeInIndex = 1; lastKnownFileType = text.xcconfig; name = "Pods-mymap.debug.xcconfig"; path = "Target Support Files/Pods-mymap/Pods-mymap.debug.xcconfig"; sourceTree = "<group>"; };
		7D228B49251DA87700C78024 /* mymap.app */ = {isa = PBXFileReference; explicitFileType = wrapper.application; includeInIndex = 0; path = mymap.app; sourceTree = BUILT_PRODUCTS_DIR; };
		7D228B4C251DA87700C78024 /* AppDelegate.swift */ = {isa = PBXFileReference; lastKnownFileType = sourcecode.swift; path = AppDelegate.swift; sourceTree = "<group>"; };
		7D228B4E251DA87700C78024 /* SceneDelegate.swift */ = {isa = PBXFileReference; lastKnownFileType = sourcecode.swift; path = SceneDelegate.swift; sourceTree = "<group>"; };
		7D228B50251DA87700C78024 /* ViewController.swift */ = {isa = PBXFileReference; lastKnownFileType = sourcecode.swift; path = ViewController.swift; sourceTree = "<group>"; };
		7D228B53251DA87700C78024 /* Base */ = {isa = PBXFileReference; lastKnownFileType = file.storyboard; name = Base; path = Base.lproj/Main.storyboard; sourceTree = "<group>"; };
		7D228B55251DA87C00C78024 /* Assets.xcassets */ = {isa = PBXFileReference; lastKnownFileType = folder.assetcatalog; path = Assets.xcassets; sourceTree = "<group>"; };
		7D228B58251DA87C00C78024 /* Base */ = {isa = PBXFileReference; lastKnownFileType = file.storyboard; name = Base; path = Base.lproj/LaunchScreen.storyboard; sourceTree = "<group>"; };
		7D228B5A251DA87C00C78024 /* Info.plist */ = {isa = PBXFileReference; lastKnownFileType = text.plist.xml; path = Info.plist; sourceTree = "<group>"; };
		7D9DC50F251E04B400B6AA4C /* hoge_ozakueki.gpx */ = {isa = PBXFileReference; fileEncoding = 4; lastKnownFileType = text.xml; path = hoge_ozakueki.gpx; sourceTree = "<group>"; };
		7D9DC511251E0E3A00B6AA4C /* shopCell.swift */ = {isa = PBXFileReference; lastKnownFileType = sourcecode.swift; path = shopCell.swift; sourceTree = "<group>"; };
		7D9DC512251E0E3A00B6AA4C /* shopCell.xib */ = {isa = PBXFileReference; lastKnownFileType = file.xib; path = shopCell.xib; sourceTree = "<group>"; };
		7DFBA734251DAADD00439BE5 /* MapKit.framework */ = {isa = PBXFileReference; lastKnownFileType = wrapper.framework; name = MapKit.framework; path = System/Library/Frameworks/MapKit.framework; sourceTree = SDKROOT; };
		84642C5A9DAE358765B33570 /* Pods_mymap.framework */ = {isa = PBXFileReference; explicitFileType = wrapper.framework; includeInIndex = 0; path = Pods_mymap.framework; sourceTree = BUILT_PRODUCTS_DIR; };
		8A16502EC5BA75EBA895D66A /* Pods-mymap.release.xcconfig */ = {isa = PBXFileReference; includeInIndex = 1; lastKnownFileType = text.xcconfig; name = "Pods-mymap.release.xcconfig"; path = "Target Support Files/Pods-mymap/Pods-mymap.release.xcconfig"; sourceTree = "<group>"; };
/* End PBXFileReference section */

/* Begin PBXFrameworksBuildPhase section */
		7D228B46251DA87700C78024 /* Frameworks */ = {
			isa = PBXFrameworksBuildPhase;
			buildActionMask = 2147483647;
			files = (
				7DFBA735251DAADD00439BE5 /* MapKit.framework in Frameworks */,
				3B24424A4F0612C2F631B3EB /* Pods_mymap.framework in Frameworks */,
			);
			runOnlyForDeploymentPostprocessing = 0;
		};
/* End PBXFrameworksBuildPhase section */

/* Begin PBXGroup section */
		7D228B40251DA87700C78024 = {
			isa = PBXGroup;
			children = (
				7D228B4B251DA87700C78024 /* mymap */,
				7D228B4A251DA87700C78024 /* Products */,
				7DFBA733251DAADD00439BE5 /* Frameworks */,
				93D2097E845B875D9D3F9366 /* Pods */,
			);
			sourceTree = "<group>";
		};
		7D228B4A251DA87700C78024 /* Products */ = {
			isa = PBXGroup;
			children = (
				7D228B49251DA87700C78024 /* mymap.app */,
			);
			name = Products;
			sourceTree = "<group>";
		};
		7D228B4B251DA87700C78024 /* mymap */ = {
			isa = PBXGroup;
			children = (
				7D228B4C251DA87700C78024 /* AppDelegate.swift */,
				7D228B4E251DA87700C78024 /* SceneDelegate.swift */,
				7D228B50251DA87700C78024 /* ViewController.swift */,
				7D9DC50F251E04B400B6AA4C /* hoge_ozakueki.gpx */,
				7D228B52251DA87700C78024 /* Main.storyboard */,
				7D228B55251DA87C00C78024 /* Assets.xcassets */,
				7D228B57251DA87C00C78024 /* LaunchScreen.storyboard */,
				7D228B5A251DA87C00C78024 /* Info.plist */,
				7D9DC511251E0E3A00B6AA4C /* shopCell.swift */,
				7D9DC512251E0E3A00B6AA4C /* shopCell.xib */,
			);
			path = mymap;
			sourceTree = "<group>";
		};
		7DFBA733251DAADD00439BE5 /* Frameworks */ = {
			isa = PBXGroup;
			children = (
				7DFBA734251DAADD00439BE5 /* MapKit.framework */,
				84642C5A9DAE358765B33570 /* Pods_mymap.framework */,
			);
			name = Frameworks;
			sourceTree = "<group>";
		};
		93D2097E845B875D9D3F9366 /* Pods */ = {
			isa = PBXGroup;
			children = (
				6D170926933B24E864FF92C5 /* Pods-mymap.debug.xcconfig */,
				8A16502EC5BA75EBA895D66A /* Pods-mymap.release.xcconfig */,
			);
			name = Pods;
			path = Pods;
			sourceTree = "<group>";
		};
/* End PBXGroup section */

/* Begin PBXNativeTarget section */
		7D228B48251DA87700C78024 /* mymap */ = {
			isa = PBXNativeTarget;
			buildConfigurationList = 7D228B5D251DA87C00C78024 /* Build configuration list for PBXNativeTarget "mymap" */;
			buildPhases = (
				030285EEB86D9D547330AC15 /* [CP] Check Pods Manifest.lock */,
				7D228B45251DA87700C78024 /* Sources */,
				7D228B46251DA87700C78024 /* Frameworks */,
				7D228B47251DA87700C78024 /* Resources */,
				4B1735883A17FFD7F65DDB14 /* [CP] Embed Pods Frameworks */,
			);
			buildRules = (
			);
			dependencies = (
			);
			name = mymap;
			productName = mymap;
			productReference = 7D228B49251DA87700C78024 /* mymap.app */;
			productType = "com.apple.product-type.application";
		};
/* End PBXNativeTarget section */

/* Begin PBXProject section */
		7D228B41251DA87700C78024 /* Project object */ = {
			isa = PBXProject;
			attributes = {
				LastSwiftUpdateCheck = 1160;
				LastUpgradeCheck = 1160;
				ORGANIZATIONNAME = minamikawa;
				TargetAttributes = {
					7D228B48251DA87700C78024 = {
						CreatedOnToolsVersion = 11.6;
					};
				};
			};
			buildConfigurationList = 7D228B44251DA87700C78024 /* Build configuration list for PBXProject "mymap" */;
			compatibilityVersion = "Xcode 9.3";
			developmentRegion = en;
			hasScannedForEncodings = 0;
			knownRegions = (
				en,
				Base,
			);
			mainGroup = 7D228B40251DA87700C78024;
			productRefGroup = 7D228B4A251DA87700C78024 /* Products */;
			projectDirPath = "";
			projectRoot = "";
			targets = (
				7D228B48251DA87700C78024 /* mymap */,
			);
		};
/* End PBXProject section */

/* Begin PBXResourcesBuildPhase section */
		7D228B47251DA87700C78024 /* Resources */ = {
			isa = PBXResourcesBuildPhase;
			buildActionMask = 2147483647;
			files = (
				7D228B59251DA87C00C78024 /* LaunchScreen.storyboard in Resources */,
				7D228B56251DA87C00C78024 /* Assets.xcassets in Resources */,
				7D228B54251DA87700C78024 /* Main.storyboard in Resources */,
				7D9DC514251E0E3A00B6AA4C /* shopCell.xib in Resources */,
				7D9DC510251E04B400B6AA4C /* hoge_ozakueki.gpx in Resources */,
			);
			runOnlyForDeploymentPostprocessing = 0;
		};
/* End PBXResourcesBuildPhase section */

/* Begin PBXShellScriptBuildPhase section */
		030285EEB86D9D547330AC15 /* [CP] Check Pods Manifest.lock */ = {
			isa = PBXShellScriptBuildPhase;
			buildActionMask = 2147483647;
			files = (
			);
			inputFileListPaths = (
			);
			inputPaths = (
				"${PODS_PODFILE_DIR_PATH}/Podfile.lock",
				"${PODS_ROOT}/Manifest.lock",
			);
			name = "[CP] Check Pods Manifest.lock";
			outputFileListPaths = (
			);
			outputPaths = (
				"$(DERIVED_FILE_DIR)/Pods-mymap-checkManifestLockResult.txt",
			);
			runOnlyForDeploymentPostprocessing = 0;
			shellPath = /bin/sh;
			shellScript = "diff \"${PODS_PODFILE_DIR_PATH}/Podfile.lock\" \"${PODS_ROOT}/Manifest.lock\" > /dev/null\nif [ $? != 0 ] ; then\n    # print error to STDERR\n    echo \"error: The sandbox is not in sync with the Podfile.lock. Run 'pod install' or update your CocoaPods installation.\" >&2\n    exit 1\nfi\n# This output is used by Xcode 'outputs' to avoid re-running this script phase.\necho \"SUCCESS\" > \"${SCRIPT_OUTPUT_FILE_0}\"\n";
			showEnvVarsInLog = 0;
		};
		4B1735883A17FFD7F65DDB14 /* [CP] Embed Pods Frameworks */ = {
			isa = PBXShellScriptBuildPhase;
			buildActionMask = 2147483647;
			files = (
			);
			inputFileListPaths = (
				"${PODS_ROOT}/Target Support Files/Pods-mymap/Pods-mymap-frameworks-${CONFIGURATION}-input-files.xcfilelist",
			);
			name = "[CP] Embed Pods Frameworks";
			outputFileListPaths = (
				"${PODS_ROOT}/Target Support Files/Pods-mymap/Pods-mymap-frameworks-${CONFIGURATION}-output-files.xcfilelist",
			);
			runOnlyForDeploymentPostprocessing = 0;
			shellPath = /bin/sh;
			shellScript = "\"${PODS_ROOT}/Target Support Files/Pods-mymap/Pods-mymap-frameworks.sh\"\n";
			showEnvVarsInLog = 0;
		};
/* End PBXShellScriptBuildPhase section */

/* Begin PBXSourcesBuildPhase section */
		7D228B45251DA87700C78024 /* Sources */ = {
			isa = PBXSourcesBuildPhase;
			buildActionMask = 2147483647;
			files = (
				7D228B51251DA87700C78024 /* ViewController.swift in Sources */,
				7D228B4D251DA87700C78024 /* AppDelegate.swift in Sources */,
				7D228B4F251DA87700C78024 /* SceneDelegate.swift in Sources */,
				7D9DC513251E0E3A00B6AA4C /* shopCell.swift in Sources */,
			);
			runOnlyForDeploymentPostprocessing = 0;
		};
/* End PBXSourcesBuildPhase section */

/* Begin PBXVariantGroup section */
		7D228B52251DA87700C78024 /* Main.storyboard */ = {
			isa = PBXVariantGroup;
			children = (
				7D228B53251DA87700C78024 /* Base */,
			);
			name = Main.storyboard;
			sourceTree = "<group>";
		};
		7D228B57251DA87C00C78024 /* LaunchScreen.storyboard */ = {
			isa = PBXVariantGroup;
			children = (
				7D228B58251DA87C00C78024 /* Base */,
			);
			name = LaunchScreen.storyboard;
			sourceTree = "<group>";
		};
/* End PBXVariantGroup section */

/* Begin XCBuildConfiguration section */
		7D228B5B251DA87C00C78024 /* Debug */ = {
			isa = XCBuildConfiguration;
			buildSettings = {
				ALWAYS_SEARCH_USER_PATHS = NO;
				CLANG_ANALYZER_NONNULL = YES;
				CLANG_ANALYZER_NUMBER_OBJECT_CONVERSION = YES_AGGRESSIVE;
				CLANG_CXX_LANGUAGE_STANDARD = "gnu++14";
				CLANG_CXX_LIBRARY = "libc++";
				CLANG_ENABLE_MODULES = YES;
				CLANG_ENABLE_OBJC_ARC = YES;
				CLANG_ENABLE_OBJC_WEAK = YES;
				CLANG_WARN_BLOCK_CAPTURE_AUTORELEASING = YES;
				CLANG_WARN_BOOL_CONVERSION = YES;
				CLANG_WARN_COMMA = YES;
				CLANG_WARN_CONSTANT_CONVERSION = YES;
				CLANG_WARN_DEPRECATED_OBJC_IMPLEMENTATIONS = YES;
				CLANG_WARN_DIRECT_OBJC_ISA_USAGE = YES_ERROR;
				CLANG_WARN_DOCUMENTATION_COMMENTS = YES;
				CLANG_WARN_EMPTY_BODY = YES;
				CLANG_WARN_ENUM_CONVERSION = YES;
				CLANG_WARN_INFINITE_RECURSION = YES;
				CLANG_WARN_INT_CONVERSION = YES;
				CLANG_WARN_NON_LITERAL_NULL_CONVERSION = YES;
				CLANG_WARN_OBJC_IMPLICIT_RETAIN_SELF = YES;
				CLANG_WARN_OBJC_LITERAL_CONVERSION = YES;
				CLANG_WARN_OBJC_ROOT_CLASS = YES_ERROR;
				CLANG_WARN_RANGE_LOOP_ANALYSIS = YES;
				CLANG_WARN_STRICT_PROTOTYPES = YES;
				CLANG_WARN_SUSPICIOUS_MOVE = YES;
				CLANG_WARN_UNGUARDED_AVAILABILITY = YES_AGGRESSIVE;
				CLANG_WARN_UNREACHABLE_CODE = YES;
				CLANG_WARN__DUPLICATE_METHOD_MATCH = YES;
				COPY_PHASE_STRIP = NO;
				DEBUG_INFORMATION_FORMAT = dwarf;
				ENABLE_STRICT_OBJC_MSGSEND = YES;
				ENABLE_TESTABILITY = YES;
				GCC_C_LANGUAGE_STANDARD = gnu11;
				GCC_DYNAMIC_NO_PIC = NO;
				GCC_NO_COMMON_BLOCKS = YES;
				GCC_OPTIMIZATION_LEVEL = 0;
				GCC_PREPROCESSOR_DEFINITIONS = (
					"DEBUG=1",
					"$(inherited)",
				);
				GCC_WARN_64_TO_32_BIT_CONVERSION = YES;
				GCC_WARN_ABOUT_RETURN_TYPE = YES_ERROR;
				GCC_WARN_UNDECLARED_SELECTOR = YES;
				GCC_WARN_UNINITIALIZED_AUTOS = YES_AGGRESSIVE;
				GCC_WARN_UNUSED_FUNCTION = YES;
				GCC_WARN_UNUSED_VARIABLE = YES;
				IPHONEOS_DEPLOYMENT_TARGET = 13.6;
				MTL_ENABLE_DEBUG_INFO = INCLUDE_SOURCE;
				MTL_FAST_MATH = YES;
				ONLY_ACTIVE_ARCH = YES;
				SDKROOT = iphoneos;
				SWIFT_ACTIVE_COMPILATION_CONDITIONS = DEBUG;
				SWIFT_OPTIMIZATION_LEVEL = "-Onone";
			};
			name = Debug;
		};
		7D228B5C251DA87C00C78024 /* Release */ = {
			isa = XCBuildConfiguration;
			buildSettings = {
				ALWAYS_SEARCH_USER_PATHS = NO;
				CLANG_ANALYZER_NONNULL = YES;
				CLANG_ANALYZER_NUMBER_OBJECT_CONVERSION = YES_AGGRESSIVE;
				CLANG_CXX_LANGUAGE_STANDARD = "gnu++14";
				CLANG_CXX_LIBRARY = "libc++";
				CLANG_ENABLE_MODULES = YES;
				CLANG_ENABLE_OBJC_ARC = YES;
				CLANG_ENABLE_OBJC_WEAK = YES;
				CLANG_WARN_BLOCK_CAPTURE_AUTORELEASING = YES;
				CLANG_WARN_BOOL_CONVERSION = YES;
				CLANG_WARN_COMMA = YES;
				CLANG_WARN_CONSTANT_CONVERSION = YES;
				CLANG_WARN_DEPRECATED_OBJC_IMPLEMENTATIONS = YES;
				CLANG_WARN_DIRECT_OBJC_ISA_USAGE = YES_ERROR;
				CLANG_WARN_DOCUMENTATION_COMMENTS = YES;
				CLANG_WARN_EMPTY_BODY = YES;
				CLANG_WARN_ENUM_CONVERSION = YES;
				CLANG_WARN_INFINITE_RECURSION = YES;
				CLANG_WARN_INT_CONVERSION = YES;
				CLANG_WARN_NON_LITERAL_NULL_CONVERSION = YES;
				CLANG_WARN_OBJC_IMPLICIT_RETAIN_SELF = YES;
				CLANG_WARN_OBJC_LITERAL_CONVERSION = YES;
				CLANG_WARN_OBJC_ROOT_CLASS = YES_ERROR;
				CLANG_WARN_RANGE_LOOP_ANALYSIS = YES;
				CLANG_WARN_STRICT_PROTOTYPES = YES;
				CLANG_WARN_SUSPICIOUS_MOVE = YES;
				CLANG_WARN_UNGUARDED_AVAILABILITY = YES_AGGRESSIVE;
				CLANG_WARN_UNREACHABLE_CODE = YES;
				CLANG_WARN__DUPLICATE_METHOD_MATCH = YES;
				COPY_PHASE_STRIP = NO;
				DEBUG_INFORMATION_FORMAT = "dwarf-with-dsym";
				ENABLE_NS_ASSERTIONS = NO;
				ENABLE_STRICT_OBJC_MSGSEND = YES;
				GCC_C_LANGUAGE_STANDARD = gnu11;
				GCC_NO_COMMON_BLOCKS = YES;
				GCC_WARN_64_TO_32_BIT_CONVERSION = YES;
				GCC_WARN_ABOUT_RETURN_TYPE = YES_ERROR;
				GCC_WARN_UNDECLARED_SELECTOR = YES;
				GCC_WARN_UNINITIALIZED_AUTOS = YES_AGGRESSIVE;
				GCC_WARN_UNUSED_FUNCTION = YES;
				GCC_WARN_UNUSED_VARIABLE = YES;
				IPHONEOS_DEPLOYMENT_TARGET = 13.6;
				MTL_ENABLE_DEBUG_INFO = NO;
				MTL_FAST_MATH = YES;
				SDKROOT = iphoneos;
				SWIFT_COMPILATION_MODE = wholemodule;
				SWIFT_OPTIMIZATION_LEVEL = "-O";
				VALIDATE_PRODUCT = YES;
			};
			name = Release;
		};
		7D228B5E251DA87C00C78024 /* Debug */ = {
			isa = XCBuildConfiguration;
			baseConfigurationReference = 6D170926933B24E864FF92C5 /* Pods-mymap.debug.xcconfig */;
			buildSettings = {
				ASSETCATALOG_COMPILER_APPICON_NAME = AppIcon;
				CODE_SIGN_STYLE = Automatic;
				DEVELOPMENT_TEAM = 555K7XU8BK;
				INFOPLIST_FILE = mymap/Info.plist;
				LD_RUNPATH_SEARCH_PATHS = (
					"$(inherited)",
					"@executable_path/Frameworks",
				);
				PRODUCT_BUNDLE_IDENTIFIER = jp.minamikawa.mymap;
				PRODUCT_NAME = "$(TARGET_NAME)";
				SWIFT_VERSION = 5.0;
				TARGETED_DEVICE_FAMILY = "1,2";
			};
			name = Debug;
		};
		7D228B5F251DA87C00C78024 /* Release */ = {
			isa = XCBuildConfiguration;
			baseConfigurationReference = 8A16502EC5BA75EBA895D66A /* Pods-mymap.release.xcconfig */;
			buildSettings = {
				ASSETCATALOG_COMPILER_APPICON_NAME = AppIcon;
				CODE_SIGN_STYLE = Automatic;
				DEVELOPMENT_TEAM = 555K7XU8BK;
				INFOPLIST_FILE = mymap/Info.plist;
				LD_RUNPATH_SEARCH_PATHS = (
					"$(inherited)",
					"@executable_path/Frameworks",
				);
				PRODUCT_BUNDLE_IDENTIFIER = jp.minamikawa.mymap;
				PRODUCT_NAME = "$(TARGET_NAME)";
				SWIFT_VERSION = 5.0;
				TARGETED_DEVICE_FAMILY = "1,2";
			};
			name = Release;
		};
/* End XCBuildConfiguration section */

/* Begin XCConfigurationList section */
		7D228B44251DA87700C78024 /* Build configuration list for PBXProject "mymap" */ = {
			isa = XCConfigurationList;
			buildConfigurations = (
				7D228B5B251DA87C00C78024 /* Debug */,
				7D228B5C251DA87C00C78024 /* Release */,
			);
			defaultConfigurationIsVisible = 0;
			defaultConfigurationName = Release;
		};
		7D228B5D251DA87C00C78024 /* Build configuration list for PBXNativeTarget "mymap" */ = {
			isa = XCConfigurationList;
			buildConfigurations = (
				7D228B5E251DA87C00C78024 /* Debug */,
				7D228B5F251DA87C00C78024 /* Release */,
			);
			defaultConfigurationIsVisible = 0;
			defaultConfigurationName = Release;
		};
/* End XCConfigurationList section */
	};
	rootObject = 7D228B41251DA87700C78024 /* Project object */;
}
